
Microsoft Visual Studio Solution File, Format Version 12.00
# Visual Studio 15
VisualStudioVersion = 15.0.26730.15
MinimumVisualStudioVersion = 10.0.40219.1
Project("{8BC9CEB8-8B4A-11D0-8D11-00A0C91BC942}") = "ImagesIO", "ImagesIO\ImagesIO.vcxproj", "{F1A767FE-DEB8-4850-9AE3-BD060F53728B}"
EndProject
Project("{8BC9CEB8-8B4A-11D0-8D11-00A0C91BC942}") = "ImageClasses", "ImageClasses\ImageClasses.vcxproj", "{A6D0F362-CD26-4051-80A5-F910649C3FB0}"
EndProject
Global
	GlobalSection(SolutionConfigurationPlatforms) = preSolution
		Debug|x64 = Debug|x64
		Debug|x86 = Debug|x86
		Release|x64 = Release|x64
		Release|x86 = Release|x86
	EndGlobalSection
	GlobalSection(ProjectConfigurationPlatforms) = postSolution
		{F1A767FE-DEB8-4850-9AE3-BD060F53728B}.Debug|x64.ActiveCfg = Debug|x64
		{F1A767FE-DEB8-4850-9AE3-BD060F53728B}.Debug|x64.Build.0 = Debug|x64
		{F1A767FE-DEB8-4850-9AE3-BD060F53728B}.Debug|x86.ActiveCfg = Debug|Win32
		{F1A767FE-DEB8-4850-9AE3-BD060F53728B}.Debug|x86.Build.0 = Debug|Win32
		{F1A767FE-DEB8-4850-9AE3-BD060F53728B}.Release|x64.ActiveCfg = Release|x64
		{F1A767FE-DEB8-4850-9AE3-BD060F53728B}.Release|x64.Build.0 = Release|x64
		{F1A767FE-DEB8-4850-9AE3-BD060F53728B}.Release|x86.ActiveCfg = Release|Win32
		{F1A767FE-DEB8-4850-9AE3-BD060F53728B}.Release|x86.Build.0 = Release|Win32
		{A6D0F362-CD26-4051-80A5-F910649C3FB0}.Debug|x64.ActiveCfg = Debug|x64
		{A6D0F362-CD26-4051-80A5-F910649C3FB0}.Debug|x64.Build.0 = Debug|x64
		{A6D0F362-CD26-4051-80A5-F910649C3FB0}.Debug|x86.ActiveCfg = Debug|Win32
		{A6D0F362-CD26-4051-80A5-F910649C3FB0}.Debug|x86.Build.0 = Debug|Win32
		{A6D0F362-CD26-4051-80A5-F910649C3FB0}.Release|x64.ActiveCfg = Release|x64
		{A6D0F362-CD26-4051-80A5-F910649C3FB0}.Release|x64.Build.0 = Release|x64
		{A6D0F362-CD26-4051-80A5-F910649C3FB0}.Release|x86.ActiveCfg = Release|Win32
		{A6D0F362-CD26-4051-80A5-F910649C3FB0}.Release|x86.Build.0 = Release|Win32
	EndGlobalSection
	GlobalSection(SolutionProperties) = preSolution
		HideSolutionNode = FALSE
	EndGlobalSection
	GlobalSection(ExtensibilityGlobals) = postSolution
		SolutionGuid = {72D5697A-4BBD-4F91-9631-8760F3E53339}
	EndGlobalSection
EndGlobal
