
Microsoft Visual Studio Solution File, Format Version 12.00
# Visual Studio 15
VisualStudioVersion = 15.0.26730.15
MinimumVisualStudioVersion = 10.0.40219.1
Project("{8BC9CEB8-8B4A-11D0-8D11-00A0C91BC942}") = "tt4", "tt4\tt4.vcxproj", "{14D2CD93-C1B5-49F8-BEE5-A9E8887ACE2F}"
EndProject
Project("{8BC9CEB8-8B4A-11D0-8D11-00A0C91BC942}") = "tt11", "tt11\tt11.vcxproj", "{C99D2E96-B1B1-416D-93F9-764C4D5A34DF}"
EndProject
Project("{8BC9CEB8-8B4A-11D0-8D11-00A0C91BC942}") = "tt17", "tt17\tt17.vcxproj", "{C73F3DAE-B0D5-4F7A-9014-BE4FAC2B4926}"
EndProject
Global
	GlobalSection(SolutionConfigurationPlatforms) = preSolution
		Debug|x64 = Debug|x64
		Debug|x86 = Debug|x86
		Release|x64 = Release|x64
		Release|x86 = Release|x86
	EndGlobalSection
	GlobalSection(ProjectConfigurationPlatforms) = postSolution
		{14D2CD93-C1B5-49F8-BEE5-A9E8887ACE2F}.Debug|x64.ActiveCfg = Debug|x64
		{14D2CD93-C1B5-49F8-BEE5-A9E8887ACE2F}.Debug|x64.Build.0 = Debug|x64
		{14D2CD93-C1B5-49F8-BEE5-A9E8887ACE2F}.Debug|x86.ActiveCfg = Debug|Win32
		{14D2CD93-C1B5-49F8-BEE5-A9E8887ACE2F}.Debug|x86.Build.0 = Debug|Win32
		{14D2CD93-C1B5-49F8-BEE5-A9E8887ACE2F}.Release|x64.ActiveCfg = Release|x64
		{14D2CD93-C1B5-49F8-BEE5-A9E8887ACE2F}.Release|x64.Build.0 = Release|x64
		{14D2CD93-C1B5-49F8-BEE5-A9E8887ACE2F}.Release|x86.ActiveCfg = Release|Win32
		{14D2CD93-C1B5-49F8-BEE5-A9E8887ACE2F}.Release|x86.Build.0 = Release|Win32
		{C99D2E96-B1B1-416D-93F9-764C4D5A34DF}.Debug|x64.ActiveCfg = Debug|x64
		{C99D2E96-B1B1-416D-93F9-764C4D5A34DF}.Debug|x64.Build.0 = Debug|x64
		{C99D2E96-B1B1-416D-93F9-764C4D5A34DF}.Debug|x86.ActiveCfg = Debug|Win32
		{C99D2E96-B1B1-416D-93F9-764C4D5A34DF}.Debug|x86.Build.0 = Debug|Win32
		{C99D2E96-B1B1-416D-93F9-764C4D5A34DF}.Release|x64.ActiveCfg = Release|x64
		{C99D2E96-B1B1-416D-93F9-764C4D5A34DF}.Release|x64.Build.0 = Release|x64
		{C99D2E96-B1B1-416D-93F9-764C4D5A34DF}.Release|x86.ActiveCfg = Release|Win32
		{C99D2E96-B1B1-416D-93F9-764C4D5A34DF}.Release|x86.Build.0 = Release|Win32
		{C73F3DAE-B0D5-4F7A-9014-BE4FAC2B4926}.Debug|x64.ActiveCfg = Debug|x64
		{C73F3DAE-B0D5-4F7A-9014-BE4FAC2B4926}.Debug|x64.Build.0 = Debug|x64
		{C73F3DAE-B0D5-4F7A-9014-BE4FAC2B4926}.Debug|x86.ActiveCfg = Debug|Win32
		{C73F3DAE-B0D5-4F7A-9014-BE4FAC2B4926}.Debug|x86.Build.0 = Debug|Win32
		{C73F3DAE-B0D5-4F7A-9014-BE4FAC2B4926}.Release|x64.ActiveCfg = Release|x64
		{C73F3DAE-B0D5-4F7A-9014-BE4FAC2B4926}.Release|x64.Build.0 = Release|x64
		{C73F3DAE-B0D5-4F7A-9014-BE4FAC2B4926}.Release|x86.ActiveCfg = Release|Win32
		{C73F3DAE-B0D5-4F7A-9014-BE4FAC2B4926}.Release|x86.Build.0 = Release|Win32
	EndGlobalSection
	GlobalSection(SolutionProperties) = preSolution
		HideSolutionNode = FALSE
	EndGlobalSection
	GlobalSection(ExtensibilityGlobals) = postSolution
		SolutionGuid = {8DBDCA5E-BD57-4BC6-A1DF-1A03474F04D5}
	EndGlobalSection
EndGlobal
