
Microsoft Visual Studio Solution File, Format Version 12.00
# Visual Studio 15
VisualStudioVersion = 15.0.26730.15
MinimumVisualStudioVersion = 10.0.40219.1
Project("{8BC9CEB8-8B4A-11D0-8D11-00A0C91BC942}") = "Ch4", "Ch4\Ch4.vcxproj", "{5E5B6DCF-1399-46A9-8B1A-B35E2416AADD}"
EndProject
Project("{8BC9CEB8-8B4A-11D0-8D11-00A0C91BC942}") = "Ch5", "Ch5\Ch5.vcxproj", "{679D3ACB-D559-4A98-B9BB-3E82DE29381B}"
EndProject
Project("{8BC9CEB8-8B4A-11D0-8D11-00A0C91BC942}") = "Ch6", "Ch6\Ch6.vcxproj", "{7F428F86-25FC-4406-A0CE-F7F6D4C55010}"
EndProject
Global
	GlobalSection(SolutionConfigurationPlatforms) = preSolution
		Debug|x64 = Debug|x64
		Debug|x86 = Debug|x86
		Release|x64 = Release|x64
		Release|x86 = Release|x86
	EndGlobalSection
	GlobalSection(ProjectConfigurationPlatforms) = postSolution
		{5E5B6DCF-1399-46A9-8B1A-B35E2416AADD}.Debug|x64.ActiveCfg = Debug|x64
		{5E5B6DCF-1399-46A9-8B1A-B35E2416AADD}.Debug|x64.Build.0 = Debug|x64
		{5E5B6DCF-1399-46A9-8B1A-B35E2416AADD}.Debug|x86.ActiveCfg = Debug|Win32
		{5E5B6DCF-1399-46A9-8B1A-B35E2416AADD}.Debug|x86.Build.0 = Debug|Win32
		{5E5B6DCF-1399-46A9-8B1A-B35E2416AADD}.Release|x64.ActiveCfg = Release|x64
		{5E5B6DCF-1399-46A9-8B1A-B35E2416AADD}.Release|x64.Build.0 = Release|x64
		{5E5B6DCF-1399-46A9-8B1A-B35E2416AADD}.Release|x86.ActiveCfg = Release|Win32
		{5E5B6DCF-1399-46A9-8B1A-B35E2416AADD}.Release|x86.Build.0 = Release|Win32
		{679D3ACB-D559-4A98-B9BB-3E82DE29381B}.Debug|x64.ActiveCfg = Debug|x64
		{679D3ACB-D559-4A98-B9BB-3E82DE29381B}.Debug|x64.Build.0 = Debug|x64
		{679D3ACB-D559-4A98-B9BB-3E82DE29381B}.Debug|x86.ActiveCfg = Debug|Win32
		{679D3ACB-D559-4A98-B9BB-3E82DE29381B}.Debug|x86.Build.0 = Debug|Win32
		{679D3ACB-D559-4A98-B9BB-3E82DE29381B}.Release|x64.ActiveCfg = Release|x64
		{679D3ACB-D559-4A98-B9BB-3E82DE29381B}.Release|x64.Build.0 = Release|x64
		{679D3ACB-D559-4A98-B9BB-3E82DE29381B}.Release|x86.ActiveCfg = Release|Win32
		{679D3ACB-D559-4A98-B9BB-3E82DE29381B}.Release|x86.Build.0 = Release|Win32
		{7F428F86-25FC-4406-A0CE-F7F6D4C55010}.Debug|x64.ActiveCfg = Debug|x64
		{7F428F86-25FC-4406-A0CE-F7F6D4C55010}.Debug|x64.Build.0 = Debug|x64
		{7F428F86-25FC-4406-A0CE-F7F6D4C55010}.Debug|x86.ActiveCfg = Debug|Win32
		{7F428F86-25FC-4406-A0CE-F7F6D4C55010}.Debug|x86.Build.0 = Debug|Win32
		{7F428F86-25FC-4406-A0CE-F7F6D4C55010}.Release|x64.ActiveCfg = Release|x64
		{7F428F86-25FC-4406-A0CE-F7F6D4C55010}.Release|x64.Build.0 = Release|x64
		{7F428F86-25FC-4406-A0CE-F7F6D4C55010}.Release|x86.ActiveCfg = Release|Win32
		{7F428F86-25FC-4406-A0CE-F7F6D4C55010}.Release|x86.Build.0 = Release|Win32
	EndGlobalSection
	GlobalSection(SolutionProperties) = preSolution
		HideSolutionNode = FALSE
	EndGlobalSection
	GlobalSection(ExtensibilityGlobals) = postSolution
		SolutionGuid = {50FBC431-E629-4D77-BD2D-0487551EEE24}
	EndGlobalSection
EndGlobal
